// !$*UTF8*$!
{
	archiveVersion = 1;
	classes = {
	};
	objectVersion = 51;
	objects = {

/* Begin PBXBuildFile section */
		3CA3D9B0AFCA933F65E3D6E7 /* Pods_WeCare_v_01.framework in Frameworks */ = {isa = PBXBuildFile; fileRef = A5DCC9B78228B6640248F07C /* Pods_WeCare_v_01.framework */; };
		DA4719072469ED26002553DC /* Pods_WeCare_v_01.framework in Embed Frameworks */ = {isa = PBXBuildFile; fileRef = C64F598EB6EFC7A76DB197D6 /* Pods_WeCare_v_01.framework */; settings = {ATTRIBUTES = (CodeSignOnCopy, RemoveHeadersOnCopy, ); }; };
		DA47193E246E6EB4002553DC /* list_ViewController.swift in Sources */ = {isa = PBXBuildFile; fileRef = DA47193D246E6EB4002553DC /* list_ViewController.swift */; };
		DA471941246E7873002553DC /* VitalViewController.swift in Sources */ = {isa = PBXBuildFile; fileRef = DA471940246E7873002553DC /* VitalViewController.swift */; };
		DA471943246E7886002553DC /* MedicationViewController.swift in Sources */ = {isa = PBXBuildFile; fileRef = DA471942246E7886002553DC /* MedicationViewController.swift */; };
		DA471945246E7894002553DC /* IntakeViewController.swift in Sources */ = {isa = PBXBuildFile; fileRef = DA471944246E7894002553DC /* IntakeViewController.swift */; };
		DA471947246E78A5002553DC /* OutputViewController.swift in Sources */ = {isa = PBXBuildFile; fileRef = DA471946246E78A5002553DC /* OutputViewController.swift */; };
		DA471949246E78BB002553DC /* HygieneViewController.swift in Sources */ = {isa = PBXBuildFile; fileRef = DA471948246E78BB002553DC /* HygieneViewController.swift */; };
		DA47194B246E78CC002553DC /* PositioningViewController.swift in Sources */ = {isa = PBXBuildFile; fileRef = DA47194A246E78CC002553DC /* PositioningViewController.swift */; };
		DA47194D246E78DB002553DC /* BedsoreViewController.swift in Sources */ = {isa = PBXBuildFile; fileRef = DA47194C246E78DB002553DC /* BedsoreViewController.swift */; };
		DA47194F246E78E8002553DC /* DressingViewController.swift in Sources */ = {isa = PBXBuildFile; fileRef = DA47194E246E78E8002553DC /* DressingViewController.swift */; };
		DA471951246E78F8002553DC /* ActivityViewController.swift in Sources */ = {isa = PBXBuildFile; fileRef = DA471950246E78F8002553DC /* ActivityViewController.swift */; };
		DAA03DFA2467DF4E004C3D25 /* Datastore.swift in Sources */ = {isa = PBXBuildFile; fileRef = DAA03DF92467DF4D004C3D25 /* Datastore.swift */; };
		DABF5290246016F500E7CE7C /* AppDelegate.swift in Sources */ = {isa = PBXBuildFile; fileRef = DABF528F246016F500E7CE7C /* AppDelegate.swift */; };
		DABF5292246016F500E7CE7C /* SceneDelegate.swift in Sources */ = {isa = PBXBuildFile; fileRef = DABF5291246016F500E7CE7C /* SceneDelegate.swift */; };
		DABF5294246016F500E7CE7C /* ViewController.swift in Sources */ = {isa = PBXBuildFile; fileRef = DABF5293246016F500E7CE7C /* ViewController.swift */; };
		DABF5297246016F500E7CE7C /* Main.storyboard in Resources */ = {isa = PBXBuildFile; fileRef = DABF5295246016F500E7CE7C /* Main.storyboard */; };
		DABF5299246016F700E7CE7C /* Assets.xcassets in Resources */ = {isa = PBXBuildFile; fileRef = DABF5298246016F700E7CE7C /* Assets.xcassets */; };
		DABF529C246016F700E7CE7C /* LaunchScreen.storyboard in Resources */ = {isa = PBXBuildFile; fileRef = DABF529A246016F700E7CE7C /* LaunchScreen.storyboard */; };
		DABF52A72460180500E7CE7C /* Home_ViewController.swift in Sources */ = {isa = PBXBuildFile; fileRef = DABF52A62460180500E7CE7C /* Home_ViewController.swift */; };
		DABF52AA24601C0100E7CE7C /* Utilities.swift in Sources */ = {isa = PBXBuildFile; fileRef = DABF52A924601C0100E7CE7C /* Utilities.swift */; };
		DABF52AC246086DC00E7CE7C /* GoogleService-Info.plist in Resources */ = {isa = PBXBuildFile; fileRef = DABF52AB246086DC00E7CE7C /* GoogleService-Info.plist */; };
		DABF52AE24608ECF00E7CE7C /* Constants.swift in Sources */ = {isa = PBXBuildFile; fileRef = DABF52AD24608ECF00E7CE7C /* Constants.swift */; };
/* End PBXBuildFile section */

/* Begin PBXCopyFilesBuildPhase section */
		DA4719082469ED26002553DC /* Embed Frameworks */ = {
			isa = PBXCopyFilesBuildPhase;
			buildActionMask = 2147483647;
			dstPath = "";
			dstSubfolderSpec = 10;
			files = (
				DA4719072469ED26002553DC /* Pods_WeCare_v_01.framework in Embed Frameworks */,
			);
			name = "Embed Frameworks";
			runOnlyForDeploymentPostprocessing = 0;
		};
/* End PBXCopyFilesBuildPhase section */

/* Begin PBXFileReference section */
		3660A10A411B3146B82E5BA5 /* Pods-WeCare_v_01.debug.xcconfig */ = {isa = PBXFileReference; includeInIndex = 1; lastKnownFileType = text.xcconfig; name = "Pods-WeCare_v_01.debug.xcconfig"; path = "Target Support Files/Pods-WeCare_v_01/Pods-WeCare_v_01.debug.xcconfig"; sourceTree = "<group>"; };
		6CD55F7DFABF5AFCD7D7074E /* Pods-WeCare_v_01.release.xcconfig */ = {isa = PBXFileReference; includeInIndex = 1; lastKnownFileType = text.xcconfig; name = "Pods-WeCare_v_01.release.xcconfig"; path = "Target Support Files/Pods-WeCare_v_01/Pods-WeCare_v_01.release.xcconfig"; sourceTree = "<group>"; };
		A5DCC9B78228B6640248F07C /* Pods_WeCare_v_01.framework */ = {isa = PBXFileReference; explicitFileType = wrapper.framework; includeInIndex = 0; path = Pods_WeCare_v_01.framework; sourceTree = BUILT_PRODUCTS_DIR; };
		C64F598EB6EFC7A76DB197D6 /* Pods_WeCare_v_01.framework */ = {isa = PBXFileReference; explicitFileType = wrapper.framework; includeInIndex = 0; path = Pods_WeCare_v_01.framework; sourceTree = BUILT_PRODUCTS_DIR; };
		DA47193D246E6EB4002553DC /* list_ViewController.swift */ = {isa = PBXFileReference; lastKnownFileType = sourcecode.swift; path = list_ViewController.swift; sourceTree = "<group>"; };
		DA471940246E7873002553DC /* VitalViewController.swift */ = {isa = PBXFileReference; lastKnownFileType = sourcecode.swift; path = VitalViewController.swift; sourceTree = "<group>"; };
		DA471942246E7886002553DC /* MedicationViewController.swift */ = {isa = PBXFileReference; lastKnownFileType = sourcecode.swift; path = MedicationViewController.swift; sourceTree = "<group>"; };
		DA471944246E7894002553DC /* IntakeViewController.swift */ = {isa = PBXFileReference; lastKnownFileType = sourcecode.swift; path = IntakeViewController.swift; sourceTree = "<group>"; };
		DA471946246E78A5002553DC /* OutputViewController.swift */ = {isa = PBXFileReference; lastKnownFileType = sourcecode.swift; path = OutputViewController.swift; sourceTree = "<group>"; };
		DA471948246E78BB002553DC /* HygieneViewController.swift */ = {isa = PBXFileReference; lastKnownFileType = sourcecode.swift; path = HygieneViewController.swift; sourceTree = "<group>"; };
		DA47194A246E78CC002553DC /* PositioningViewController.swift */ = {isa = PBXFileReference; lastKnownFileType = sourcecode.swift; path = PositioningViewController.swift; sourceTree = "<group>"; };
		DA47194C246E78DB002553DC /* BedsoreViewController.swift */ = {isa = PBXFileReference; lastKnownFileType = sourcecode.swift; path = BedsoreViewController.swift; sourceTree = "<group>"; };
		DA47194E246E78E8002553DC /* DressingViewController.swift */ = {isa = PBXFileReference; lastKnownFileType = sourcecode.swift; path = DressingViewController.swift; sourceTree = "<group>"; };
		DA471950246E78F8002553DC /* ActivityViewController.swift */ = {isa = PBXFileReference; lastKnownFileType = sourcecode.swift; path = ActivityViewController.swift; sourceTree = "<group>"; };
		DAA03DF92467DF4D004C3D25 /* Datastore.swift */ = {isa = PBXFileReference; lastKnownFileType = sourcecode.swift; path = Datastore.swift; sourceTree = "<group>"; };
		DABF528C246016F500E7CE7C /* WeCare.app */ = {isa = PBXFileReference; explicitFileType = wrapper.application; includeInIndex = 0; path = WeCare.app; sourceTree = BUILT_PRODUCTS_DIR; };
		DABF528F246016F500E7CE7C /* AppDelegate.swift */ = {isa = PBXFileReference; lastKnownFileType = sourcecode.swift; path = AppDelegate.swift; sourceTree = "<group>"; };
		DABF5291246016F500E7CE7C /* SceneDelegate.swift */ = {isa = PBXFileReference; lastKnownFileType = sourcecode.swift; path = SceneDelegate.swift; sourceTree = "<group>"; };
		DABF5293246016F500E7CE7C /* ViewController.swift */ = {isa = PBXFileReference; lastKnownFileType = sourcecode.swift; path = ViewController.swift; sourceTree = "<group>"; };
		DABF5296246016F500E7CE7C /* Base */ = {isa = PBXFileReference; lastKnownFileType = file.storyboard; name = Base; path = Base.lproj/Main.storyboard; sourceTree = "<group>"; };
		DABF5298246016F700E7CE7C /* Assets.xcassets */ = {isa = PBXFileReference; lastKnownFileType = folder.assetcatalog; path = Assets.xcassets; sourceTree = "<group>"; };
		DABF529B246016F700E7CE7C /* Base */ = {isa = PBXFileReference; lastKnownFileType = file.storyboard; name = Base; path = Base.lproj/LaunchScreen.storyboard; sourceTree = "<group>"; };
		DABF529D246016F700E7CE7C /* Info.plist */ = {isa = PBXFileReference; lastKnownFileType = text.plist.xml; path = Info.plist; sourceTree = "<group>"; };
		DABF52A62460180500E7CE7C /* Home_ViewController.swift */ = {isa = PBXFileReference; lastKnownFileType = sourcecode.swift; path = Home_ViewController.swift; sourceTree = "<group>"; };
		DABF52A924601C0100E7CE7C /* Utilities.swift */ = {isa = PBXFileReference; fileEncoding = 4; lastKnownFileType = sourcecode.swift; path = Utilities.swift; sourceTree = "<group>"; };
		DABF52AB246086DC00E7CE7C /* GoogleService-Info.plist */ = {isa = PBXFileReference; fileEncoding = 4; lastKnownFileType = text.plist.xml; path = "GoogleService-Info.plist"; sourceTree = "<group>"; };
		DABF52AD24608ECF00E7CE7C /* Constants.swift */ = {isa = PBXFileReference; lastKnownFileType = sourcecode.swift; path = Constants.swift; sourceTree = "<group>"; };
/* End PBXFileReference section */

/* Begin PBXFrameworksBuildPhase section */
		DABF5289246016F500E7CE7C /* Frameworks */ = {
			isa = PBXFrameworksBuildPhase;
			buildActionMask = 2147483647;
			files = (
				3CA3D9B0AFCA933F65E3D6E7 /* Pods_WeCare_v_01.framework in Frameworks */,
			);
			runOnlyForDeploymentPostprocessing = 0;
		};
/* End PBXFrameworksBuildPhase section */

/* Begin PBXGroup section */
		591378B7226DF57DE93271E5 /* Frameworks */ = {
			isa = PBXGroup;
			children = (
				A5DCC9B78228B6640248F07C /* Pods_WeCare_v_01.framework */,
			);
			name = Frameworks;
			sourceTree = "<group>";
		};
		DA47193F246E6EC1002553DC /* Patient Log View Controllers */ = {
			isa = PBXGroup;
			children = (
				DA471940246E7873002553DC /* VitalViewController.swift */,
				DA471942246E7886002553DC /* MedicationViewController.swift */,
				DA471944246E7894002553DC /* IntakeViewController.swift */,
				DA471946246E78A5002553DC /* OutputViewController.swift */,
				DA471948246E78BB002553DC /* HygieneViewController.swift */,
				DA47194A246E78CC002553DC /* PositioningViewController.swift */,
				DA47194C246E78DB002553DC /* BedsoreViewController.swift */,
				DA47194E246E78E8002553DC /* DressingViewController.swift */,
				DA471950246E78F8002553DC /* ActivityViewController.swift */,
			);
			path = "Patient Log View Controllers";
			sourceTree = "<group>";
		};
		DA828EEE247D7533000C29B6 /* Recovered References */ = {
			isa = PBXGroup;
			children = (
				C64F598EB6EFC7A76DB197D6 /* Pods_WeCare_v_01.framework */,
			);
			name = "Recovered References";
			sourceTree = "<group>";
		};
		DABF5283246016F500E7CE7C = {
			isa = PBXGroup;
			children = (
				DABF528E246016F500E7CE7C /* WeCare_v_01 */,
				DABF528D246016F500E7CE7C /* Products */,
				E71001176E07FF619B1B6EDC /* Pods */,
				591378B7226DF57DE93271E5 /* Frameworks */,
				DA828EEE247D7533000C29B6 /* Recovered References */,
			);
			sourceTree = "<group>";
		};
		DABF528D246016F500E7CE7C /* Products */ = {
			isa = PBXGroup;
			children = (
				DABF528C246016F500E7CE7C /* WeCare.app */,
			);
			name = Products;
			sourceTree = "<group>";
		};
		DABF528E246016F500E7CE7C /* WeCare_v_01 */ = {
			isa = PBXGroup;
			children = (
				DABF52A824601BE300E7CE7C /* Helpers */,
				DABF528F246016F500E7CE7C /* AppDelegate.swift */,
				DABF5291246016F500E7CE7C /* SceneDelegate.swift */,
				DABF52A3246017C300E7CE7C /* View Controllers */,
				DABF5295246016F500E7CE7C /* Main.storyboard */,
				DABF5298246016F700E7CE7C /* Assets.xcassets */,
				DABF529A246016F700E7CE7C /* LaunchScreen.storyboard */,
				DABF52AB246086DC00E7CE7C /* GoogleService-Info.plist */,
				DABF529D246016F700E7CE7C /* Info.plist */,
			);
			path = WeCare_v_01;
			sourceTree = "<group>";
		};
		DABF52A3246017C300E7CE7C /* View Controllers */ = {
			isa = PBXGroup;
			children = (
				DABF5293246016F500E7CE7C /* ViewController.swift */,
				DABF52A62460180500E7CE7C /* Home_ViewController.swift */,
				DA47193D246E6EB4002553DC /* list_ViewController.swift */,
				DA47193F246E6EC1002553DC /* Patient Log View Controllers */,
			);
			path = "View Controllers";
			sourceTree = "<group>";
		};
		DABF52A824601BE300E7CE7C /* Helpers */ = {
			isa = PBXGroup;
			children = (
				DABF52A924601C0100E7CE7C /* Utilities.swift */,
				DABF52AD24608ECF00E7CE7C /* Constants.swift */,
				DAA03DF92467DF4D004C3D25 /* Datastore.swift */,
			);
			path = Helpers;
			sourceTree = "<group>";
		};
		E71001176E07FF619B1B6EDC /* Pods */ = {
			isa = PBXGroup;
			children = (
				3660A10A411B3146B82E5BA5 /* Pods-WeCare_v_01.debug.xcconfig */,
				6CD55F7DFABF5AFCD7D7074E /* Pods-WeCare_v_01.release.xcconfig */,
			);
			path = Pods;
			sourceTree = "<group>";
		};
/* End PBXGroup section */

/* Begin PBXNativeTarget section */
		DABF528B246016F500E7CE7C /* WeCare_v_01 */ = {
			isa = PBXNativeTarget;
			buildConfigurationList = DABF52A0246016F700E7CE7C /* Build configuration list for PBXNativeTarget "WeCare_v_01" */;
			buildPhases = (
				CD1E141988D3162A729146B6 /* [CP] Check Pods Manifest.lock */,
				DABF5288246016F500E7CE7C /* Sources */,
				DABF5289246016F500E7CE7C /* Frameworks */,
				DABF528A246016F500E7CE7C /* Resources */,
				DA4719082469ED26002553DC /* Embed Frameworks */,
				9F322C9EBCBED436BB1FA63F /* [CP] Embed Pods Frameworks */,
			);
			buildRules = (
			);
			dependencies = (
			);
			name = WeCare_v_01;
			productName = WeCare_v_01;
			productReference = DABF528C246016F500E7CE7C /* WeCare.app */;
			productType = "com.apple.product-type.application";
		};
/* End PBXNativeTarget section */

/* Begin PBXProject section */
		DABF5284246016F500E7CE7C /* Project object */ = {
			isa = PBXProject;
			attributes = {
				LastSwiftUpdateCheck = 1140;
				LastUpgradeCheck = 1140;
				ORGANIZATIONNAME = "Mikail Masood";
				TargetAttributes = {
					DABF528B246016F500E7CE7C = {
						CreatedOnToolsVersion = 11.4;
					};
				};
			};
			buildConfigurationList = DABF5287246016F500E7CE7C /* Build configuration list for PBXProject "WeCare_v_01" */;
			compatibilityVersion = "Xcode 9.3";
			developmentRegion = en;
			hasScannedForEncodings = 0;
			knownRegions = (
				en,
				Base,
			);
			mainGroup = DABF5283246016F500E7CE7C;
			productRefGroup = DABF528D246016F500E7CE7C /* Products */;
			projectDirPath = "";
			projectRoot = "";
			targets = (
				DABF528B246016F500E7CE7C /* WeCare_v_01 */,
			);
		};
/* End PBXProject section */

/* Begin PBXResourcesBuildPhase section */
		DABF528A246016F500E7CE7C /* Resources */ = {
			isa = PBXResourcesBuildPhase;
			buildActionMask = 2147483647;
			files = (
				DABF529C246016F700E7CE7C /* LaunchScreen.storyboard in Resources */,
				DABF52AC246086DC00E7CE7C /* GoogleService-Info.plist in Resources */,
				DABF5299246016F700E7CE7C /* Assets.xcassets in Resources */,
				DABF5297246016F500E7CE7C /* Main.storyboard in Resources */,
			);
			runOnlyForDeploymentPostprocessing = 0;
		};
/* End PBXResourcesBuildPhase section */

/* Begin PBXShellScriptBuildPhase section */
		9F322C9EBCBED436BB1FA63F /* [CP] Embed Pods Frameworks */ = {
			isa = PBXShellScriptBuildPhase;
			buildActionMask = 2147483647;
			files = (
			);
			inputFileListPaths = (
				"${PODS_ROOT}/Target Support Files/Pods-WeCare_v_01/Pods-WeCare_v_01-frameworks-${CONFIGURATION}-input-files.xcfilelist",
			);
			name = "[CP] Embed Pods Frameworks";
			outputFileListPaths = (
				"${PODS_ROOT}/Target Support Files/Pods-WeCare_v_01/Pods-WeCare_v_01-frameworks-${CONFIGURATION}-output-files.xcfilelist",
			);
			runOnlyForDeploymentPostprocessing = 0;
			shellPath = /bin/sh;
			shellScript = "\"${PODS_ROOT}/Target Support Files/Pods-WeCare_v_01/Pods-WeCare_v_01-frameworks.sh\"\n";
			showEnvVarsInLog = 0;
		};
		CD1E141988D3162A729146B6 /* [CP] Check Pods Manifest.lock */ = {
			isa = PBXShellScriptBuildPhase;
			buildActionMask = 2147483647;
			files = (
			);
			inputFileListPaths = (
			);
			inputPaths = (
				"${PODS_PODFILE_DIR_PATH}/Podfile.lock",
				"${PODS_ROOT}/Manifest.lock",
			);
			name = "[CP] Check Pods Manifest.lock";
			outputFileListPaths = (
			);
			outputPaths = (
				"$(DERIVED_FILE_DIR)/Pods-WeCare_v_01-checkManifestLockResult.txt",
			);
			runOnlyForDeploymentPostprocessing = 0;
			shellPath = /bin/sh;
			shellScript = "diff \"${PODS_PODFILE_DIR_PATH}/Podfile.lock\" \"${PODS_ROOT}/Manifest.lock\" > /dev/null\nif [ $? != 0 ] ; then\n    # print error to STDERR\n    echo \"error: The sandbox is not in sync with the Podfile.lock. Run 'pod install' or update your CocoaPods installation.\" >&2\n    exit 1\nfi\n# This output is used by Xcode 'outputs' to avoid re-running this script phase.\necho \"SUCCESS\" > \"${SCRIPT_OUTPUT_FILE_0}\"\n";
			showEnvVarsInLog = 0;
		};
/* End PBXShellScriptBuildPhase section */

/* Begin PBXSourcesBuildPhase section */
		DABF5288246016F500E7CE7C /* Sources */ = {
			isa = PBXSourcesBuildPhase;
			buildActionMask = 2147483647;
			files = (
				DABF52AA24601C0100E7CE7C /* Utilities.swift in Sources */,
				DAA03DFA2467DF4E004C3D25 /* Datastore.swift in Sources */,
				DABF5294246016F500E7CE7C /* ViewController.swift in Sources */,
				DA471951246E78F8002553DC /* ActivityViewController.swift in Sources */,
				DA471941246E7873002553DC /* VitalViewController.swift in Sources */,
				DABF52AE24608ECF00E7CE7C /* Constants.swift in Sources */,
				DA47194D246E78DB002553DC /* BedsoreViewController.swift in Sources */,
				DA47194B246E78CC002553DC /* PositioningViewController.swift in Sources */,
				DA471945246E7894002553DC /* IntakeViewController.swift in Sources */,
				DABF5290246016F500E7CE7C /* AppDelegate.swift in Sources */,
				DA471943246E7886002553DC /* MedicationViewController.swift in Sources */,
				DA471947246E78A5002553DC /* OutputViewController.swift in Sources */,
				DABF52A72460180500E7CE7C /* Home_ViewController.swift in Sources */,
				DA47194F246E78E8002553DC /* DressingViewController.swift in Sources */,
				DA47193E246E6EB4002553DC /* list_ViewController.swift in Sources */,
				DA471949246E78BB002553DC /* HygieneViewController.swift in Sources */,
				DABF5292246016F500E7CE7C /* SceneDelegate.swift in Sources */,
			);
			runOnlyForDeploymentPostprocessing = 0;
		};
/* End PBXSourcesBuildPhase section */

/* Begin PBXVariantGroup section */
		DABF5295246016F500E7CE7C /* Main.storyboard */ = {
			isa = PBXVariantGroup;
			children = (
				DABF5296246016F500E7CE7C /* Base */,
			);
			name = Main.storyboard;
			sourceTree = "<group>";
		};
		DABF529A246016F700E7CE7C /* LaunchScreen.storyboard */ = {
			isa = PBXVariantGroup;
			children = (
				DABF529B246016F700E7CE7C /* Base */,
			);
			name = LaunchScreen.storyboard;
			sourceTree = "<group>";
		};
/* End PBXVariantGroup section */

/* Begin XCBuildConfiguration section */
		DABF529E246016F700E7CE7C /* Debug */ = {
			isa = XCBuildConfiguration;
			buildSettings = {
				ALWAYS_SEARCH_USER_PATHS = NO;
				CLANG_ANALYZER_NONNULL = YES;
				CLANG_ANALYZER_NUMBER_OBJECT_CONVERSION = YES_AGGRESSIVE;
				CLANG_CXX_LANGUAGE_STANDARD = "gnu++14";
				CLANG_CXX_LIBRARY = "libc++";
				CLANG_ENABLE_MODULES = YES;
				CLANG_ENABLE_OBJC_ARC = YES;
				CLANG_ENABLE_OBJC_WEAK = YES;
				CLANG_WARN_BLOCK_CAPTURE_AUTORELEASING = YES;
				CLANG_WARN_BOOL_CONVERSION = YES;
				CLANG_WARN_COMMA = YES;
				CLANG_WARN_CONSTANT_CONVERSION = YES;
				CLANG_WARN_DEPRECATED_OBJC_IMPLEMENTATIONS = YES;
				CLANG_WARN_DIRECT_OBJC_ISA_USAGE = YES_ERROR;
				CLANG_WARN_DOCUMENTATION_COMMENTS = YES;
				CLANG_WARN_EMPTY_BODY = YES;
				CLANG_WARN_ENUM_CONVERSION = YES;
				CLANG_WARN_INFINITE_RECURSION = YES;
				CLANG_WARN_INT_CONVERSION = YES;
				CLANG_WARN_NON_LITERAL_NULL_CONVERSION = YES;
				CLANG_WARN_OBJC_IMPLICIT_RETAIN_SELF = YES;
				CLANG_WARN_OBJC_LITERAL_CONVERSION = YES;
				CLANG_WARN_OBJC_ROOT_CLASS = YES_ERROR;
				CLANG_WARN_RANGE_LOOP_ANALYSIS = YES;
				CLANG_WARN_STRICT_PROTOTYPES = YES;
				CLANG_WARN_SUSPICIOUS_MOVE = YES;
				CLANG_WARN_UNGUARDED_AVAILABILITY = YES_AGGRESSIVE;
				CLANG_WARN_UNREACHABLE_CODE = YES;
				CLANG_WARN__DUPLICATE_METHOD_MATCH = YES;
				COPY_PHASE_STRIP = NO;
				DEBUG_INFORMATION_FORMAT = dwarf;
				ENABLE_STRICT_OBJC_MSGSEND = YES;
				ENABLE_TESTABILITY = YES;
				GCC_C_LANGUAGE_STANDARD = gnu11;
				GCC_DYNAMIC_NO_PIC = NO;
				GCC_NO_COMMON_BLOCKS = YES;
				GCC_OPTIMIZATION_LEVEL = 0;
				GCC_PREPROCESSOR_DEFINITIONS = (
					"DEBUG=1",
					"$(inherited)",
				);
				GCC_WARN_64_TO_32_BIT_CONVERSION = YES;
				GCC_WARN_ABOUT_RETURN_TYPE = YES_ERROR;
				GCC_WARN_UNDECLARED_SELECTOR = YES;
				GCC_WARN_UNINITIALIZED_AUTOS = YES_AGGRESSIVE;
				GCC_WARN_UNUSED_FUNCTION = YES;
				GCC_WARN_UNUSED_VARIABLE = YES;
				IPHONEOS_DEPLOYMENT_TARGET = 13.1;
				MTL_ENABLE_DEBUG_INFO = INCLUDE_SOURCE;
				MTL_FAST_MATH = YES;
				ONLY_ACTIVE_ARCH = YES;
				SDKROOT = iphoneos;
				SWIFT_ACTIVE_COMPILATION_CONDITIONS = DEBUG;
				SWIFT_OPTIMIZATION_LEVEL = "-Onone";
			};
			name = Debug;
		};
		DABF529F246016F700E7CE7C /* Release */ = {
			isa = XCBuildConfiguration;
			buildSettings = {
				ALWAYS_SEARCH_USER_PATHS = NO;
				CLANG_ANALYZER_NONNULL = YES;
				CLANG_ANALYZER_NUMBER_OBJECT_CONVERSION = YES_AGGRESSIVE;
				CLANG_CXX_LANGUAGE_STANDARD = "gnu++14";
				CLANG_CXX_LIBRARY = "libc++";
				CLANG_ENABLE_MODULES = YES;
				CLANG_ENABLE_OBJC_ARC = YES;
				CLANG_ENABLE_OBJC_WEAK = YES;
				CLANG_WARN_BLOCK_CAPTURE_AUTORELEASING = YES;
				CLANG_WARN_BOOL_CONVERSION = YES;
				CLANG_WARN_COMMA = YES;
				CLANG_WARN_CONSTANT_CONVERSION = YES;
				CLANG_WARN_DEPRECATED_OBJC_IMPLEMENTATIONS = YES;
				CLANG_WARN_DIRECT_OBJC_ISA_USAGE = YES_ERROR;
				CLANG_WARN_DOCUMENTATION_COMMENTS = YES;
				CLANG_WARN_EMPTY_BODY = YES;
				CLANG_WARN_ENUM_CONVERSION = YES;
				CLANG_WARN_INFINITE_RECURSION = YES;
				CLANG_WARN_INT_CONVERSION = YES;
				CLANG_WARN_NON_LITERAL_NULL_CONVERSION = YES;
				CLANG_WARN_OBJC_IMPLICIT_RETAIN_SELF = YES;
				CLANG_WARN_OBJC_LITERAL_CONVERSION = YES;
				CLANG_WARN_OBJC_ROOT_CLASS = YES_ERROR;
				CLANG_WARN_RANGE_LOOP_ANALYSIS = YES;
				CLANG_WARN_STRICT_PROTOTYPES = YES;
				CLANG_WARN_SUSPICIOUS_MOVE = YES;
				CLANG_WARN_UNGUARDED_AVAILABILITY = YES_AGGRESSIVE;
				CLANG_WARN_UNREACHABLE_CODE = YES;
				CLANG_WARN__DUPLICATE_METHOD_MATCH = YES;
				COPY_PHASE_STRIP = NO;
				DEBUG_INFORMATION_FORMAT = "dwarf-with-dsym";
				ENABLE_NS_ASSERTIONS = NO;
				ENABLE_STRICT_OBJC_MSGSEND = YES;
				GCC_C_LANGUAGE_STANDARD = gnu11;
				GCC_NO_COMMON_BLOCKS = YES;
				GCC_WARN_64_TO_32_BIT_CONVERSION = YES;
				GCC_WARN_ABOUT_RETURN_TYPE = YES_ERROR;
				GCC_WARN_UNDECLARED_SELECTOR = YES;
				GCC_WARN_UNINITIALIZED_AUTOS = YES_AGGRESSIVE;
				GCC_WARN_UNUSED_FUNCTION = YES;
				GCC_WARN_UNUSED_VARIABLE = YES;
				IPHONEOS_DEPLOYMENT_TARGET = 13.1;
				MTL_ENABLE_DEBUG_INFO = NO;
				MTL_FAST_MATH = YES;
				SDKROOT = iphoneos;
				SWIFT_COMPILATION_MODE = wholemodule;
				SWIFT_OPTIMIZATION_LEVEL = "-O";
				VALIDATE_PRODUCT = YES;
			};
			name = Release;
		};
		DABF52A1246016F700E7CE7C /* Debug */ = {
			isa = XCBuildConfiguration;
			baseConfigurationReference = 3660A10A411B3146B82E5BA5 /* Pods-WeCare_v_01.debug.xcconfig */;
			buildSettings = {
				ASSETCATALOG_COMPILER_APPICON_NAME = AppIcon;
				CODE_SIGN_STYLE = Automatic;
				DEVELOPMENT_ASSET_PATHS = "";
				DEVELOPMENT_TEAM = NFYZ3J4TBM;
				INFOPLIST_FILE = WeCare_v_01/Info.plist;
				IPHONEOS_DEPLOYMENT_TARGET = 13.1;
				LD_RUNPATH_SEARCH_PATHS = (
					"$(inherited)",
					"@executable_path/Frameworks",
				);
				PRODUCT_BUNDLE_IDENTIFIER = "com.mikailmasood.WeCare-v-01";
				PRODUCT_NAME = WeCare;
				SWIFT_VERSION = 5.0;
				TARGETED_DEVICE_FAMILY = "1,2";
			};
			name = Debug;
		};
		DABF52A2246016F700E7CE7C /* Release */ = {
			isa = XCBuildConfiguration;
			baseConfigurationReference = 6CD55F7DFABF5AFCD7D7074E /* Pods-WeCare_v_01.release.xcconfig */;
			buildSettings = {
				ASSETCATALOG_COMPILER_APPICON_NAME = AppIcon;
				CODE_SIGN_STYLE = Automatic;
				DEVELOPMENT_ASSET_PATHS = "";
				DEVELOPMENT_TEAM = NFYZ3J4TBM;
				INFOPLIST_FILE = WeCare_v_01/Info.plist;
				IPHONEOS_DEPLOYMENT_TARGET = 13.1;
				LD_RUNPATH_SEARCH_PATHS = (
					"$(inherited)",
					"@executable_path/Frameworks",
				);
				PRODUCT_BUNDLE_IDENTIFIER = "com.mikailmasood.WeCare-v-01";
				PRODUCT_NAME = WeCare;
				SWIFT_VERSION = 5.0;
				TARGETED_DEVICE_FAMILY = "1,2";
			};
			name = Release;
		};
/* End XCBuildConfiguration section */

/* Begin XCConfigurationList section */
		DABF5287246016F500E7CE7C /* Build configuration list for PBXProject "WeCare_v_01" */ = {
			isa = XCConfigurationList;
			buildConfigurations = (
				DABF529E246016F700E7CE7C /* Debug */,
				DABF529F246016F700E7CE7C /* Release */,
			);
			defaultConfigurationIsVisible = 0;
			defaultConfigurationName = Debug;
		};
		DABF52A0246016F700E7CE7C /* Build configuration list for PBXNativeTarget "WeCare_v_01" */ = {
			isa = XCConfigurationList;
			buildConfigurations = (
				DABF52A1246016F700E7CE7C /* Debug */,
				DABF52A2246016F700E7CE7C /* Release */,
			);
			defaultConfigurationIsVisible = 0;
			defaultConfigurationName = Debug;
		};
/* End XCConfigurationList section */
	};
	rootObject = DABF5284246016F500E7CE7C /* Project object */;
}
